// !$*UTF8*$!
{
	archiveVersion = 1;
	classes = {
	};
	objectVersion = 46;
	objects = {

/* Begin PBXBuildFile section */
		1F216FC01ADEA11400A853B5 /* AppDelegate.swift in Sources */ = {isa = PBXBuildFile; fileRef = 1F216FBF1ADEA11400A853B5 /* AppDelegate.swift */; };
		1F216FC21ADEA11400A853B5 /* ViewController.swift in Sources */ = {isa = PBXBuildFile; fileRef = 1F216FC11ADEA11400A853B5 /* ViewController.swift */; };
		1F216FC51ADEA11400A853B5 /* Main.storyboard in Resources */ = {isa = PBXBuildFile; fileRef = 1F216FC31ADEA11400A853B5 /* Main.storyboard */; };
		1F216FC71ADEA11400A853B5 /* Images.xcassets in Resources */ = {isa = PBXBuildFile; fileRef = 1F216FC61ADEA11400A853B5 /* Images.xcassets */; };
		1F216FCA1ADEA11400A853B5 /* LaunchScreen.xib in Resources */ = {isa = PBXBuildFile; fileRef = 1F216FC81ADEA11400A853B5 /* LaunchScreen.xib */; };
		1F216FD61ADEA11400A853B5 /* RoshamboTests.swift in Sources */ = {isa = PBXBuildFile; fileRef = 1F216FD51ADEA11400A853B5 /* RoshamboTests.swift */; };
/* End PBXBuildFile section */

/* Begin PBXContainerItemProxy section */
		1F216FD01ADEA11400A853B5 /* PBXContainerItemProxy */ = {
			isa = PBXContainerItemProxy;
			containerPortal = 1F216FB21ADEA11300A853B5 /* Project object */;
			proxyType = 1;
			remoteGlobalIDString = 1F216FB91ADEA11300A853B5;
			remoteInfo = Roshambo;
		};
/* End PBXContainerItemProxy section */

/* Begin PBXFileReference section */
		1F216FBA1ADEA11300A853B5 /* Roshambo.app */ = {isa = PBXFileReference; explicitFileType = wrapper.application; includeInIndex = 0; path = Roshambo.app; sourceTree = BUILT_PRODUCTS_DIR; };
		1F216FBE1ADEA11400A853B5 /* Info.plist */ = {isa = PBXFileReference; lastKnownFileType = text.plist.xml; path = Info.plist; sourceTree = "<group>"; };
		1F216FBF1ADEA11400A853B5 /* AppDelegate.swift */ = {isa = PBXFileReference; lastKnownFileType = sourcecode.swift; path = AppDelegate.swift; sourceTree = "<group>"; };
		1F216FC11ADEA11400A853B5 /* ViewController.swift */ = {isa = PBXFileReference; lastKnownFileType = sourcecode.swift; path = ViewController.swift; sourceTree = "<group>"; };
		1F216FC41ADEA11400A853B5 /* Base */ = {isa = PBXFileReference; lastKnownFileType = file.storyboard; name = Base; path = Base.lproj/Main.storyboard; sourceTree = "<group>"; };
		1F216FC61ADEA11400A853B5 /* Images.xcassets */ = {isa = PBXFileReference; lastKnownFileType = folder.assetcatalog; path = Images.xcassets; sourceTree = "<group>"; };
		1F216FC91ADEA11400A853B5 /* Base */ = {isa = PBXFileReference; lastKnownFileType = file.xib; name = Base; path = Base.lproj/LaunchScreen.xib; sourceTree = "<group>"; };
		1F216FCF1ADEA11400A853B5 /* RoshamboTests.xctest */ = {isa = PBXFileReference; explicitFileType = wrapper.cfbundle; includeInIndex = 0; path = RoshamboTests.xctest; sourceTree = BUILT_PRODUCTS_DIR; };
		1F216FD41ADEA11400A853B5 /* Info.plist */ = {isa = PBXFileReference; lastKnownFileType = text.plist.xml; path = Info.plist; sourceTree = "<group>"; };
		1F216FD51ADEA11400A853B5 /* RoshamboTests.swift */ = {isa = PBXFileReference; lastKnownFileType = sourcecode.swift; path = RoshamboTests.swift; sourceTree = "<group>"; };
/* End PBXFileReference section */

/* Begin PBXFrameworksBuildPhase section */
		1F216FB71ADEA11300A853B5 /* Frameworks */ = {
			isa = PBXFrameworksBuildPhase;
			buildActionMask = 2147483647;
			files = (
			);
			runOnlyForDeploymentPostprocessing = 0;
		};
		1F216FCC1ADEA11400A853B5 /* Frameworks */ = {
			isa = PBXFrameworksBuildPhase;
			buildActionMask = 2147483647;
			files = (
			);
			runOnlyForDeploymentPostprocessing = 0;
		};
/* End PBXFrameworksBuildPhase section */

/* Begin PBXGroup section */
		1F216FB11ADEA11300A853B5 = {
			isa = PBXGroup;
			children = (
				1F216FBC1ADEA11300A853B5 /* Roshambo */,
				1F216FD21ADEA11400A853B5 /* RoshamboTests */,
				1F216FBB1ADEA11300A853B5 /* Products */,
			);
			sourceTree = "<group>";
		};
		1F216FBB1ADEA11300A853B5 /* Products */ = {
			isa = PBXGroup;
			children = (
				1F216FBA1ADEA11300A853B5 /* Roshambo.app */,
				1F216FCF1ADEA11400A853B5 /* RoshamboTests.xctest */,
			);
			name = Products;
			sourceTree = "<group>";
		};
		1F216FBC1ADEA11300A853B5 /* Roshambo */ = {
			isa = PBXGroup;
			children = (
				1F216FBF1ADEA11400A853B5 /* AppDelegate.swift */,
				1F216FC11ADEA11400A853B5 /* ViewController.swift */,
				1F216FC31ADEA11400A853B5 /* Main.storyboard */,
				1F216FC61ADEA11400A853B5 /* Images.xcassets */,
				1F216FC81ADEA11400A853B5 /* LaunchScreen.xib */,
				1F216FBD1ADEA11300A853B5 /* Supporting Files */,
			);
			path = Roshambo;
			sourceTree = "<group>";
		};
		1F216FBD1ADEA11300A853B5 /* Supporting Files */ = {
			isa = PBXGroup;
			children = (
				1F216FBE1ADEA11400A853B5 /* Info.plist */,
			);
			name = "Supporting Files";
			sourceTree = "<group>";
		};
		1F216FD21ADEA11400A853B5 /* RoshamboTests */ = {
			isa = PBXGroup;
			children = (
				1F216FD51ADEA11400A853B5 /* RoshamboTests.swift */,
				1F216FD31ADEA11400A853B5 /* Supporting Files */,
			);
			path = RoshamboTests;
			sourceTree = "<group>";
		};
		1F216FD31ADEA11400A853B5 /* Supporting Files */ = {
			isa = PBXGroup;
			children = (
				1F216FD41ADEA11400A853B5 /* Info.plist */,
			);
			name = "Supporting Files";
			sourceTree = "<group>";
		};
/* End PBXGroup section */

/* Begin PBXNativeTarget section */
		1F216FB91ADEA11300A853B5 /* Roshambo */ = {
			isa = PBXNativeTarget;
			buildConfigurationList = 1F216FD91ADEA11400A853B5 /* Build configuration list for PBXNativeTarget "Roshambo" */;
			buildPhases = (
				1F216FB61ADEA11300A853B5 /* Sources */,
				1F216FB71ADEA11300A853B5 /* Frameworks */,
				1F216FB81ADEA11300A853B5 /* Resources */,
			);
			buildRules = (
			);
			dependencies = (
			);
			name = Roshambo;
			productName = Roshambo;
			productReference = 1F216FBA1ADEA11300A853B5 /* Roshambo.app */;
			productType = "com.apple.product-type.application";
		};
		1F216FCE1ADEA11400A853B5 /* RoshamboTests */ = {
			isa = PBXNativeTarget;
			buildConfigurationList = 1F216FDC1ADEA11400A853B5 /* Build configuration list for PBXNativeTarget "RoshamboTests" */;
			buildPhases = (
				1F216FCB1ADEA11400A853B5 /* Sources */,
				1F216FCC1ADEA11400A853B5 /* Frameworks */,
				1F216FCD1ADEA11400A853B5 /* Resources */,
			);
			buildRules = (
			);
			dependencies = (
				1F216FD11ADEA11400A853B5 /* PBXTargetDependency */,
			);
			name = RoshamboTests;
			productName = RoshamboTests;
			productReference = 1F216FCF1ADEA11400A853B5 /* RoshamboTests.xctest */;
			productType = "com.apple.product-type.bundle.unit-test";
		};
/* End PBXNativeTarget section */

/* Begin PBXProject section */
		1F216FB21ADEA11300A853B5 /* Project object */ = {
			isa = PBXProject;
			attributes = {
				LastUpgradeCheck = 0630;
				ORGANIZATIONNAME = "Jeff Whaley";
				TargetAttributes = {
					1F216FB91ADEA11300A853B5 = {
						CreatedOnToolsVersion = 6.3;
					};
					1F216FCE1ADEA11400A853B5 = {
						CreatedOnToolsVersion = 6.3;
						TestTargetID = 1F216FB91ADEA11300A853B5;
					};
				};
			};
			buildConfigurationList = 1F216FB51ADEA11300A853B5 /* Build configuration list for PBXProject "Roshambo" */;
			compatibilityVersion = "Xcode 3.2";
			developmentRegion = English;
			hasScannedForEncodings = 0;
			knownRegions = (
				en,
				Base,
			);
			mainGroup = 1F216FB11ADEA11300A853B5;
			productRefGroup = 1F216FBB1ADEA11300A853B5 /* Products */;
			projectDirPath = "";
			projectRoot = "";
			targets = (
				1F216FB91ADEA11300A853B5 /* Roshambo */,
				1F216FCE1ADEA11400A853B5 /* RoshamboTests */,
			);
		};
/* End PBXProject section */

/* Begin PBXResourcesBuildPhase section */
		1F216FB81ADEA11300A853B5 /* Resources */ = {
			isa = PBXResourcesBuildPhase;
			buildActionMask = 2147483647;
			files = (
				1F216FC51ADEA11400A853B5 /* Main.storyboard in Resources */,
				1F216FCA1ADEA11400A853B5 /* LaunchScreen.xib in Resources */,
				1F216FC71ADEA11400A853B5 /* Images.xcassets in Resources */,
			);
			runOnlyForDeploymentPostprocessing = 0;
		};
		1F216FCD1ADEA11400A853B5 /* Resources */ = {
			isa = PBXResourcesBuildPhase;
			buildActionMask = 2147483647;
			files = (
			);
			runOnlyForDeploymentPostprocessing = 0;
		};
/* End PBXResourcesBuildPhase section */

/* Begin PBXSourcesBuildPhase section */
		1F216FB61ADEA11300A853B5 /* Sources */ = {
			isa = PBXSourcesBuildPhase;
			buildActionMask = 2147483647;
			files = (
				1F216FC21ADEA11400A853B5 /* ViewController.swift in Sources */,
				1F216FC01ADEA11400A853B5 /* AppDelegate.swift in Sources */,
			);
			runOnlyForDeploymentPostprocessing = 0;
		};
		1F216FCB1ADEA11400A853B5 /* Sources */ = {
			isa = PBXSourcesBuildPhase;
			buildActionMask = 2147483647;
			files = (
				1F216FD61ADEA11400A853B5 /* RoshamboTests.swift in Sources */,
			);
			runOnlyForDeploymentPostprocessing = 0;
		};
/* End PBXSourcesBuildPhase section */

/* Begin PBXTargetDependency section */
		1F216FD11ADEA11400A853B5 /* PBXTargetDependency */ = {
			isa = PBXTargetDependency;
			target = 1F216FB91ADEA11300A853B5 /* Roshambo */;
			targetProxy = 1F216FD01ADEA11400A853B5 /* PBXContainerItemProxy */;
		};
/* End PBXTargetDependency section */

/* Begin PBXVariantGroup section */
		1F216FC31ADEA11400A853B5 /* Main.storyboard */ = {
			isa = PBXVariantGroup;
			children = (
				1F216FC41ADEA11400A853B5 /* Base */,
			);
			name = Main.storyboard;
			sourceTree = "<group>";
		};
		1F216FC81ADEA11400A853B5 /* LaunchScreen.xib */ = {
			isa = PBXVariantGroup;
			children = (
				1F216FC91ADEA11400A853B5 /* Base */,
			);
			name = LaunchScreen.xib;
			sourceTree = "<group>";
		};
/* End PBXVariantGroup section */

/* Begin XCBuildConfiguration section */
		1F216FD71ADEA11400A853B5 /* Debug */ = {
			isa = XCBuildConfiguration;
			buildSettings = {
				ALWAYS_SEARCH_USER_PATHS = NO;
				CLANG_CXX_LANGUAGE_STANDARD = "gnu++0x";
				CLANG_CXX_LIBRARY = "libc++";
				CLANG_ENABLE_MODULES = YES;
				CLANG_ENABLE_OBJC_ARC = YES;
				CLANG_WARN_BOOL_CONVERSION = YES;
				CLANG_WARN_CONSTANT_CONVERSION = YES;
				CLANG_WARN_DIRECT_OBJC_ISA_USAGE = YES_ERROR;
				CLANG_WARN_EMPTY_BODY = YES;
				CLANG_WARN_ENUM_CONVERSION = YES;
				CLANG_WARN_INT_CONVERSION = YES;
				CLANG_WARN_OBJC_ROOT_CLASS = YES_ERROR;
				CLANG_WARN_UNREACHABLE_CODE = YES;
				CLANG_WARN__DUPLICATE_METHOD_MATCH = YES;
				"CODE_SIGN_IDENTITY[sdk=iphoneos*]" = "iPhone Developer";
				COPY_PHASE_STRIP = NO;
				DEBUG_INFORMATION_FORMAT = "dwarf-with-dsym";
				ENABLE_STRICT_OBJC_MSGSEND = YES;
				GCC_C_LANGUAGE_STANDARD = gnu99;
				GCC_DYNAMIC_NO_PIC = NO;
				GCC_NO_COMMON_BLOCKS = YES;
				GCC_OPTIMIZATION_LEVEL = 0;
				GCC_PREPROCESSOR_DEFINITIONS = (
					"DEBUG=1",
					"$(inherited)",
				);
				GCC_SYMBOLS_PRIVATE_EXTERN = NO;
				GCC_WARN_64_TO_32_BIT_CONVERSION = YES;
				GCC_WARN_ABOUT_RETURN_TYPE = YES_ERROR;
				GCC_WARN_UNDECLARED_SELECTOR = YES;
				GCC_WARN_UNINITIALIZED_AUTOS = YES_AGGRESSIVE;
				GCC_WARN_UNUSED_FUNCTION = YES;
				GCC_WARN_UNUSED_VARIABLE = YES;
				IPHONEOS_DEPLOYMENT_TARGET = 8.3;
				MTL_ENABLE_DEBUG_INFO = YES;
				ONLY_ACTIVE_ARCH = YES;
				SDKROOT = iphoneos;
				SWIFT_OPTIMIZATION_LEVEL = "-Onone";
			};
			name = Debug;
		};
		1F216FD81ADEA11400A853B5 /* Release */ = {
			isa = XCBuildConfiguration;
			buildSettings = {
				ALWAYS_SEARCH_USER_PATHS = NO;
				CLANG_CXX_LANGUAGE_STANDARD = "gnu++0x";
				CLANG_CXX_LIBRARY = "libc++";
				CLANG_ENABLE_MODULES = YES;
				CLANG_ENABLE_OBJC_ARC = YES;
				CLANG_WARN_BOOL_CONVERSION = YES;
				CLANG_WARN_CONSTANT_CONVERSION = YES;
				CLANG_WARN_DIRECT_OBJC_ISA_USAGE = YES_ERROR;
				CLANG_WARN_EMPTY_BODY = YES;
				CLANG_WARN_ENUM_CONVERSION = YES;
				CLANG_WARN_INT_CONVERSION = YES;
				CLANG_WARN_OBJC_ROOT_CLASS = YES_ERROR;
				CLANG_WARN_UNREACHABLE_CODE = YES;
				CLANG_WARN__DUPLICATE_METHOD_MATCH = YES;
				"CODE_SIGN_IDENTITY[sdk=iphoneos*]" = "iPhone Developer";
				COPY_PHASE_STRIP = NO;
				DEBUG_INFORMATION_FORMAT = "dwarf-with-dsym";
				ENABLE_NS_ASSERTIONS = NO;
				ENABLE_STRICT_OBJC_MSGSEND = YES;
				GCC_C_LANGUAGE_STANDARD = gnu99;
				GCC_NO_COMMON_BLOCKS = YES;
				GCC_WARN_64_TO_32_BIT_CONVERSION = YES;
				GCC_WARN_ABOUT_RETURN_TYPE = YES_ERROR;
				GCC_WARN_UNDECLARED_SELECTOR = YES;
				GCC_WARN_UNINITIALIZED_AUTOS = YES_AGGRESSIVE;
				GCC_WARN_UNUSED_FUNCTION = YES;
				GCC_WARN_UNUSED_VARIABLE = YES;
				IPHONEOS_DEPLOYMENT_TARGET = 8.3;
				MTL_ENABLE_DEBUG_INFO = NO;
				SDKROOT = iphoneos;
				VALIDATE_PRODUCT = YES;
			};
			name = Release;
		};
		1F216FDA1ADEA11400A853B5 /* Debug */ = {
			isa = XCBuildConfiguration;
			buildSettings = {
				ASSETCATALOG_COMPILER_APPICON_NAME = AppIcon;
				INFOPLIST_FILE = Roshambo/Info.plist;
				LD_RUNPATH_SEARCH_PATHS = "$(inherited) @executable_path/Frameworks";
				PRODUCT_NAME = "$(TARGET_NAME)";
			};
			name = Debug;
		};
		1F216FDB1ADEA11400A853B5 /* Release */ = {
			isa = XCBuildConfiguration;
			buildSettings = {
				ASSETCATALOG_COMPILER_APPICON_NAME = AppIcon;
				INFOPLIST_FILE = Roshambo/Info.plist;
				LD_RUNPATH_SEARCH_PATHS = "$(inherited) @executable_path/Frameworks";
				PRODUCT_NAME = "$(TARGET_NAME)";
			};
			name = Release;
		};
		1F216FDD1ADEA11400A853B5 /* Debug */ = {
			isa = XCBuildConfiguration;
			buildSettings = {
				BUNDLE_LOADER = "$(TEST_HOST)";
				FRAMEWORK_SEARCH_PATHS = (
					"$(SDKROOT)/Developer/Library/Frameworks",
					"$(inherited)",
				);
				GCC_PREPROCESSOR_DEFINITIONS = (
					"DEBUG=1",
					"$(inherited)",
				);
				INFOPLIST_FILE = RoshamboTests/Info.plist;
				LD_RUNPATH_SEARCH_PATHS = "$(inherited) @executable_path/Frameworks @loader_path/Frameworks";
				PRODUCT_NAME = "$(TARGET_NAME)";
				TEST_HOST = "$(BUILT_PRODUCTS_DIR)/Roshambo.app/Roshambo";
			};
			name = Debug;
		};
		1F216FDE1ADEA11400A853B5 /* Release */ = {
			isa = XCBuildConfiguration;
			buildSettings = {
				BUNDLE_LOADER = "$(TEST_HOST)";
				FRAMEWORK_SEARCH_PATHS = (
					"$(SDKROOT)/Developer/Library/Frameworks",
					"$(inherited)",
				);
				INFOPLIST_FILE = RoshamboTests/Info.plist;
				LD_RUNPATH_SEARCH_PATHS = "$(inherited) @executable_path/Frameworks @loader_path/Frameworks";
				PRODUCT_NAME = "$(TARGET_NAME)";
				TEST_HOST = "$(BUILT_PRODUCTS_DIR)/Roshambo.app/Roshambo";
			};
			name = Release;
		};
/* End XCBuildConfiguration section */

/* Begin XCConfigurationList section */
		1F216FB51ADEA11300A853B5 /* Build configuration list for PBXProject "Roshambo" */ = {
			isa = XCConfigurationList;
			buildConfigurations = (
				1F216FD71ADEA11400A853B5 /* Debug */,
				1F216FD81ADEA11400A853B5 /* Release */,
			);
			defaultConfigurationIsVisible = 0;
			defaultConfigurationName = Release;
		};
		1F216FD91ADEA11400A853B5 /* Build configuration list for PBXNativeTarget "Roshambo" */ = {
			isa = XCConfigurationList;
			buildConfigurations = (
				1F216FDA1ADEA11400A853B5 /* Debug */,
				1F216FDB1ADEA11400A853B5 /* Release */,
			);
			defaultConfigurationIsVisible = 0;
		};
		1F216FDC1ADEA11400A853B5 /* Build configuration list for PBXNativeTarget "RoshamboTests" */ = {
			isa = XCConfigurationList;
			buildConfigurations = (
				1F216FDD1ADEA11400A853B5 /* Debug */,
				1F216FDE1ADEA11400A853B5 /* Release */,
			);
			defaultConfigurationIsVisible = 0;
		};
/* End XCConfigurationList section */
	};
	rootObject = 1F216FB21ADEA11300A853B5 /* Project object */;
}
